
Microsoft Visual Studio Solution File, Format Version 12.00
# Visual Studio 15
VisualStudioVersion = 15.0.27428.2002
MinimumVisualStudioVersion = 10.0.40219.1
Project("{9A19103F-16F7-4668-BE54-9A1E7A4F7556}") = "FunctionAppPackageDeploy", "FunctionAppPackageDeploy\FunctionAppPackageDeploy.csproj", "{AE51FE6E-D03E-453D-8BD2-BCDD30574B2D}"
EndProject
Global
	GlobalSection(SolutionConfigurationPlatforms) = preSolution
		Debug|Any CPU = Debug|Any CPU
		Release|Any CPU = Release|Any CPU
	EndGlobalSection
	GlobalSection(ProjectConfigurationPlatforms) = postSolution
		{AE51FE6E-D03E-453D-8BD2-BCDD30574B2D}.Debug|Any CPU.ActiveCfg = Debug|Any CPU
		{AE51FE6E-D03E-453D-8BD2-BCDD30574B2D}.Debug|Any CPU.Build.0 = Debug|Any CPU
		{AE51FE6E-D03E-453D-8BD2-BCDD30574B2D}.Release|Any CPU.ActiveCfg = Release|Any CPU
		{AE51FE6E-D03E-453D-8BD2-BCDD30574B2D}.Release|Any CPU.Build.0 = Release|Any CPU
	EndGlobalSection
	GlobalSection(SolutionProperties) = preSolution
		HideSolutionNode = FALSE
	EndGlobalSection
	GlobalSection(ExtensibilityGlobals) = postSolution
		SolutionGuid = {86028159-568F-4ACC-A4DA-8E6367B14FEF}
	EndGlobalSection
EndGlobal
